{
  "name": "shopify-api-utils",
  "version": "1.0.0",
  "lockfileVersion": 3,
  "requires": true,
  "packages": {
    "": {
      "name": "shopify-api-utils",
      "version": "1.0.0",
      "license": "ISC",
      "dependencies": {
        "@shopify/admin-api-client": "^1.0.4",
        "dotenv": "^16.4.5"
      }
    },
    "node_modules/@shopify/admin-api-client": {
      "version": "1.0.4",
      "resolved": "https://registry.npmjs.org/@shopify/admin-api-client/-/admin-api-client-1.0.4.tgz",
      "integrity": "sha512-IJ50MrVy245ivuxnrg0R1lwXoAmzqQ6FDeq/vFEhbxe20ub3CFL8lIUmbG+2Uql8vrsW4b7RML4COs22sPxArw==",
      "license": "MIT",
      "dependencies": {
        "@shopify/graphql-client": "^1.2.1"
      }
    },
    "node_modules/@shopify/graphql-client": {
      "version": "1.2.1",
      "resolved": "https://registry.npmjs.org/@shopify/graphql-client/-/graphql-client-1.2.1.tgz",
      "integrity": "sha512-wySl/G7M/ZDxtcUEOF24wyfTigFnzW0hr3AzcldoQTl0OToLK2mQ7FBDSSwmfa00VrQ3TQwFM+tAAByK9tr3JQ==",
      "license": "MIT"
    },
    "node_modules/dotenv": {
      "version": "16.4.5",
      "resolved": "https://registry.npmjs.org/dotenv/-/dotenv-16.4.5.tgz",
      "integrity": "sha512-ZmdL2rui+eB2YwhsWzjInR8LldtZHGDoQ1ugH85ppHKwpUHL7j7rN0Ti9NCnGiQbhaZ11FpR+7ao1dNsmduNUg==",
      "license": "BSD-2-Clause",
      "engines": {
        "node": ">=12"
      },
      "funding": {
        "url": "https://dotenvx.com"
      }
    }
  }
}
